// !$*UTF8*$!
{
	archiveVersion = 1;
	classes = {
	};
	objectVersion = 51;
	objects = {

/* Begin PBXBuildFile section */
		0F665C3D27BA343E577513D4 /* Pods_TrainingProject.framework in Frameworks */ = {isa = PBXBuildFile; fileRef = 052205E2B02072F552D2C123 /* Pods_TrainingProject.framework */; };
		3A18716424CF643A00B505FF /* BurgerHeader.swift in Sources */ = {isa = PBXBuildFile; fileRef = 3A18716324CF643A00B505FF /* BurgerHeader.swift */; };
		3A18716624D0B7FB00B505FF /* FirstCellForBurger.swift in Sources */ = {isa = PBXBuildFile; fileRef = 3A18716524D0B7FB00B505FF /* FirstCellForBurger.swift */; };
		3A18716824D0BCB900B505FF /* DataImitation.swift in Sources */ = {isa = PBXBuildFile; fileRef = 3A18716724D0BCB900B505FF /* DataImitation.swift */; };
		3A18716B24D0BFEF00B505FF /* FirstCellForBurger1.swift in Sources */ = {isa = PBXBuildFile; fileRef = 3A18716924D0BFEF00B505FF /* FirstCellForBurger1.swift */; };
		3A18716C24D0BFEF00B505FF /* FirstCellForBurger1.xib in Resources */ = {isa = PBXBuildFile; fileRef = 3A18716A24D0BFEF00B505FF /* FirstCellForBurger1.xib */; };
		3A4ED89824CC4C08002275FB /* SecondController.swift in Sources */ = {isa = PBXBuildFile; fileRef = 3A4ED89724CC4C08002275FB /* SecondController.swift */; };
		3A4ED89B24CC557D002275FB /* TableViewCell.swift in Sources */ = {isa = PBXBuildFile; fileRef = 3A4ED89924CC557D002275FB /* TableViewCell.swift */; };
		3A4ED89C24CC557D002275FB /* TableViewCell.xib in Resources */ = {isa = PBXBuildFile; fileRef = 3A4ED89A24CC557D002275FB /* TableViewCell.xib */; };
		3A4ED89E24CF5E03002275FB /* BurgerController.swift in Sources */ = {isa = PBXBuildFile; fileRef = 3A4ED89D24CF5E03002275FB /* BurgerController.swift */; };
		3A81488B24CC3FD400EFFC55 /* AppDelegate.swift in Sources */ = {isa = PBXBuildFile; fileRef = 3A81488A24CC3FD400EFFC55 /* AppDelegate.swift */; };
		3A81488D24CC3FD400EFFC55 /* SceneDelegate.swift in Sources */ = {isa = PBXBuildFile; fileRef = 3A81488C24CC3FD400EFFC55 /* SceneDelegate.swift */; };
		3A81488F24CC3FD400EFFC55 /* ViewController.swift in Sources */ = {isa = PBXBuildFile; fileRef = 3A81488E24CC3FD400EFFC55 /* ViewController.swift */; };
		3A81489224CC3FD400EFFC55 /* Main.storyboard in Resources */ = {isa = PBXBuildFile; fileRef = 3A81489024CC3FD400EFFC55 /* Main.storyboard */; };
		3A81489524CC3FD500EFFC55 /* TrainingProject.xcdatamodeld in Sources */ = {isa = PBXBuildFile; fileRef = 3A81489324CC3FD500EFFC55 /* TrainingProject.xcdatamodeld */; };
		3A81489724CC3FDB00EFFC55 /* Assets.xcassets in Resources */ = {isa = PBXBuildFile; fileRef = 3A81489624CC3FDB00EFFC55 /* Assets.xcassets */; };
		3A81489A24CC3FDB00EFFC55 /* LaunchScreen.storyboard in Resources */ = {isa = PBXBuildFile; fileRef = 3A81489824CC3FDB00EFFC55 /* LaunchScreen.storyboard */; };
/* End PBXBuildFile section */

/* Begin PBXFileReference section */
		052205E2B02072F552D2C123 /* Pods_TrainingProject.framework */ = {isa = PBXFileReference; explicitFileType = wrapper.framework; includeInIndex = 0; path = Pods_TrainingProject.framework; sourceTree = BUILT_PRODUCTS_DIR; };
		3A18716324CF643A00B505FF /* BurgerHeader.swift */ = {isa = PBXFileReference; lastKnownFileType = sourcecode.swift; path = BurgerHeader.swift; sourceTree = "<group>"; };
		3A18716524D0B7FB00B505FF /* FirstCellForBurger.swift */ = {isa = PBXFileReference; lastKnownFileType = sourcecode.swift; path = FirstCellForBurger.swift; sourceTree = "<group>"; };
		3A18716724D0BCB900B505FF /* DataImitation.swift */ = {isa = PBXFileReference; lastKnownFileType = sourcecode.swift; path = DataImitation.swift; sourceTree = "<group>"; };
		3A18716924D0BFEF00B505FF /* FirstCellForBurger1.swift */ = {isa = PBXFileReference; lastKnownFileType = sourcecode.swift; path = FirstCellForBurger1.swift; sourceTree = "<group>"; };
		3A18716A24D0BFEF00B505FF /* FirstCellForBurger1.xib */ = {isa = PBXFileReference; lastKnownFileType = file.xib; path = FirstCellForBurger1.xib; sourceTree = "<group>"; };
		3A4ED89724CC4C08002275FB /* SecondController.swift */ = {isa = PBXFileReference; lastKnownFileType = sourcecode.swift; path = SecondController.swift; sourceTree = "<group>"; };
		3A4ED89924CC557D002275FB /* TableViewCell.swift */ = {isa = PBXFileReference; lastKnownFileType = sourcecode.swift; path = TableViewCell.swift; sourceTree = "<group>"; };
		3A4ED89A24CC557D002275FB /* TableViewCell.xib */ = {isa = PBXFileReference; lastKnownFileType = file.xib; path = TableViewCell.xib; sourceTree = "<group>"; };
		3A4ED89D24CF5E03002275FB /* BurgerController.swift */ = {isa = PBXFileReference; lastKnownFileType = sourcecode.swift; path = BurgerController.swift; sourceTree = "<group>"; };
		3A81488724CC3FD400EFFC55 /* TrainingProject.app */ = {isa = PBXFileReference; explicitFileType = wrapper.application; includeInIndex = 0; path = TrainingProject.app; sourceTree = BUILT_PRODUCTS_DIR; };
		3A81488A24CC3FD400EFFC55 /* AppDelegate.swift */ = {isa = PBXFileReference; lastKnownFileType = sourcecode.swift; path = AppDelegate.swift; sourceTree = "<group>"; };
		3A81488C24CC3FD400EFFC55 /* SceneDelegate.swift */ = {isa = PBXFileReference; lastKnownFileType = sourcecode.swift; path = SceneDelegate.swift; sourceTree = "<group>"; };
		3A81488E24CC3FD400EFFC55 /* ViewController.swift */ = {isa = PBXFileReference; lastKnownFileType = sourcecode.swift; path = ViewController.swift; sourceTree = "<group>"; };
		3A81489124CC3FD400EFFC55 /* Base */ = {isa = PBXFileReference; lastKnownFileType = file.storyboard; name = Base; path = Base.lproj/Main.storyboard; sourceTree = "<group>"; };
		3A81489424CC3FD500EFFC55 /* TrainingProject.xcdatamodel */ = {isa = PBXFileReference; lastKnownFileType = wrapper.xcdatamodel; path = TrainingProject.xcdatamodel; sourceTree = "<group>"; };
		3A81489624CC3FDB00EFFC55 /* Assets.xcassets */ = {isa = PBXFileReference; lastKnownFileType = folder.assetcatalog; path = Assets.xcassets; sourceTree = "<group>"; };
		3A81489924CC3FDB00EFFC55 /* Base */ = {isa = PBXFileReference; lastKnownFileType = file.storyboard; name = Base; path = Base.lproj/LaunchScreen.storyboard; sourceTree = "<group>"; };
		3A81489B24CC3FDB00EFFC55 /* Info.plist */ = {isa = PBXFileReference; lastKnownFileType = text.plist.xml; path = Info.plist; sourceTree = "<group>"; };
		94F70047D7AEB4BC68D58BF0 /* Pods-TrainingProject.debug.xcconfig */ = {isa = PBXFileReference; includeInIndex = 1; lastKnownFileType = text.xcconfig; name = "Pods-TrainingProject.debug.xcconfig"; path = "Target Support Files/Pods-TrainingProject/Pods-TrainingProject.debug.xcconfig"; sourceTree = "<group>"; };
		DFFB406B5F95B96A25566A15 /* Pods-TrainingProject.release.xcconfig */ = {isa = PBXFileReference; includeInIndex = 1; lastKnownFileType = text.xcconfig; name = "Pods-TrainingProject.release.xcconfig"; path = "Target Support Files/Pods-TrainingProject/Pods-TrainingProject.release.xcconfig"; sourceTree = "<group>"; };
/* End PBXFileReference section */

/* Begin PBXFrameworksBuildPhase section */
		3A81488424CC3FD400EFFC55 /* Frameworks */ = {
			isa = PBXFrameworksBuildPhase;
			buildActionMask = 2147483647;
			files = (
				0F665C3D27BA343E577513D4 /* Pods_TrainingProject.framework in Frameworks */,
			);
			runOnlyForDeploymentPostprocessing = 0;
		};
/* End PBXFrameworksBuildPhase section */

/* Begin PBXGroup section */
		301186DE05E8D6A791DFF912 /* Frameworks */ = {
			isa = PBXGroup;
			children = (
				052205E2B02072F552D2C123 /* Pods_TrainingProject.framework */,
			);
			name = Frameworks;
			sourceTree = "<group>";
		};
		3A4ED89F24CF5E57002275FB /* Burger */ = {
			isa = PBXGroup;
			children = (
				3A4ED89D24CF5E03002275FB /* BurgerController.swift */,
				3A18716324CF643A00B505FF /* BurgerHeader.swift */,
				3A18716524D0B7FB00B505FF /* FirstCellForBurger.swift */,
				3A18716924D0BFEF00B505FF /* FirstCellForBurger1.swift */,
				3A18716A24D0BFEF00B505FF /* FirstCellForBurger1.xib */,
			);
			path = Burger;
			sourceTree = "<group>";
		};
		3A81487E24CC3FD400EFFC55 = {
			isa = PBXGroup;
			children = (
				3A81488924CC3FD400EFFC55 /* TrainingProject */,
				3A81488824CC3FD400EFFC55 /* Products */,
				A2BA9F8B25DC232E14D942F2 /* Pods */,
				301186DE05E8D6A791DFF912 /* Frameworks */,
			);
			sourceTree = "<group>";
		};
		3A81488824CC3FD400EFFC55 /* Products */ = {
			isa = PBXGroup;
			children = (
				3A81488724CC3FD400EFFC55 /* TrainingProject.app */,
			);
			name = Products;
			sourceTree = "<group>";
		};
		3A81488924CC3FD400EFFC55 /* TrainingProject */ = {
			isa = PBXGroup;
			children = (
				3A4ED89F24CF5E57002275FB /* Burger */,
				3A81488A24CC3FD400EFFC55 /* AppDelegate.swift */,
				3A81488C24CC3FD400EFFC55 /* SceneDelegate.swift */,
				3A81488E24CC3FD400EFFC55 /* ViewController.swift */,
				3A4ED89724CC4C08002275FB /* SecondController.swift */,
				3A4ED89924CC557D002275FB /* TableViewCell.swift */,
				3A4ED89A24CC557D002275FB /* TableViewCell.xib */,
				3A81489024CC3FD400EFFC55 /* Main.storyboard */,
				3A81489624CC3FDB00EFFC55 /* Assets.xcassets */,
				3A81489824CC3FDB00EFFC55 /* LaunchScreen.storyboard */,
				3A81489B24CC3FDB00EFFC55 /* Info.plist */,
				3A81489324CC3FD500EFFC55 /* TrainingProject.xcdatamodeld */,
				3A18716724D0BCB900B505FF /* DataImitation.swift */,
			);
			path = TrainingProject;
			sourceTree = "<group>";
		};
		A2BA9F8B25DC232E14D942F2 /* Pods */ = {
			isa = PBXGroup;
			children = (
				94F70047D7AEB4BC68D58BF0 /* Pods-TrainingProject.debug.xcconfig */,
				DFFB406B5F95B96A25566A15 /* Pods-TrainingProject.release.xcconfig */,
			);
			path = Pods;
			sourceTree = "<group>";
		};
/* End PBXGroup section */

/* Begin PBXNativeTarget section */
		3A81488624CC3FD400EFFC55 /* TrainingProject */ = {
			isa = PBXNativeTarget;
			buildConfigurationList = 3A81489E24CC3FDB00EFFC55 /* Build configuration list for PBXNativeTarget "TrainingProject" */;
			buildPhases = (
				5EE5CC8CCDB1F0188C69BF9F /* [CP] Check Pods Manifest.lock */,
				3A81488324CC3FD400EFFC55 /* Sources */,
				3A81488424CC3FD400EFFC55 /* Frameworks */,
				3A81488524CC3FD400EFFC55 /* Resources */,
				852EDF5BFFB7E94C02BB0380 /* [CP] Embed Pods Frameworks */,
			);
			buildRules = (
			);
			dependencies = (
			);
			name = TrainingProject;
			productName = TrainingProject;
			productReference = 3A81488724CC3FD400EFFC55 /* TrainingProject.app */;
			productType = "com.apple.product-type.application";
		};
/* End PBXNativeTarget section */

/* Begin PBXProject section */
		3A81487F24CC3FD400EFFC55 /* Project object */ = {
			isa = PBXProject;
			attributes = {
				LastSwiftUpdateCheck = 1160;
				LastUpgradeCheck = 1160;
				ORGANIZATIONNAME = Home;
				TargetAttributes = {
					3A81488624CC3FD400EFFC55 = {
						CreatedOnToolsVersion = 11.6;
					};
				};
			};
			buildConfigurationList = 3A81488224CC3FD400EFFC55 /* Build configuration list for PBXProject "TrainingProject" */;
			compatibilityVersion = "Xcode 9.3";
			developmentRegion = en;
			hasScannedForEncodings = 0;
			knownRegions = (
				en,
				Base,
			);
			mainGroup = 3A81487E24CC3FD400EFFC55;
			productRefGroup = 3A81488824CC3FD400EFFC55 /* Products */;
			projectDirPath = "";
			projectRoot = "";
			targets = (
				3A81488624CC3FD400EFFC55 /* TrainingProject */,
			);
		};
/* End PBXProject section */

/* Begin PBXResourcesBuildPhase section */
		3A81488524CC3FD400EFFC55 /* Resources */ = {
			isa = PBXResourcesBuildPhase;
			buildActionMask = 2147483647;
			files = (
				3A18716C24D0BFEF00B505FF /* FirstCellForBurger1.xib in Resources */,
				3A81489A24CC3FDB00EFFC55 /* LaunchScreen.storyboard in Resources */,
				3A4ED89C24CC557D002275FB /* TableViewCell.xib in Resources */,
				3A81489724CC3FDB00EFFC55 /* Assets.xcassets in Resources */,
				3A81489224CC3FD400EFFC55 /* Main.storyboard in Resources */,
			);
			runOnlyForDeploymentPostprocessing = 0;
		};
/* End PBXResourcesBuildPhase section */

/* Begin PBXShellScriptBuildPhase section */
		5EE5CC8CCDB1F0188C69BF9F /* [CP] Check Pods Manifest.lock */ = {
			isa = PBXShellScriptBuildPhase;
			buildActionMask = 2147483647;
			files = (
			);
			inputFileListPaths = (
			);
			inputPaths = (
				"${PODS_PODFILE_DIR_PATH}/Podfile.lock",
				"${PODS_ROOT}/Manifest.lock",
			);
			name = "[CP] Check Pods Manifest.lock";
			outputFileListPaths = (
			);
			outputPaths = (
				"$(DERIVED_FILE_DIR)/Pods-TrainingProject-checkManifestLockResult.txt",
			);
			runOnlyForDeploymentPostprocessing = 0;
			shellPath = /bin/sh;
			shellScript = "diff \"${PODS_PODFILE_DIR_PATH}/Podfile.lock\" \"${PODS_ROOT}/Manifest.lock\" > /dev/null\nif [ $? != 0 ] ; then\n    # print error to STDERR\n    echo \"error: The sandbox is not in sync with the Podfile.lock. Run 'pod install' or update your CocoaPods installation.\" >&2\n    exit 1\nfi\n# This output is used by Xcode 'outputs' to avoid re-running this script phase.\necho \"SUCCESS\" > \"${SCRIPT_OUTPUT_FILE_0}\"\n";
			showEnvVarsInLog = 0;
		};
		852EDF5BFFB7E94C02BB0380 /* [CP] Embed Pods Frameworks */ = {
			isa = PBXShellScriptBuildPhase;
			buildActionMask = 2147483647;
			files = (
			);
			inputFileListPaths = (
				"${PODS_ROOT}/Target Support Files/Pods-TrainingProject/Pods-TrainingProject-frameworks-${CONFIGURATION}-input-files.xcfilelist",
			);
			name = "[CP] Embed Pods Frameworks";
			outputFileListPaths = (
				"${PODS_ROOT}/Target Support Files/Pods-TrainingProject/Pods-TrainingProject-frameworks-${CONFIGURATION}-output-files.xcfilelist",
			);
			runOnlyForDeploymentPostprocessing = 0;
			shellPath = /bin/sh;
			shellScript = "\"${PODS_ROOT}/Target Support Files/Pods-TrainingProject/Pods-TrainingProject-frameworks.sh\"\n";
			showEnvVarsInLog = 0;
		};
/* End PBXShellScriptBuildPhase section */

/* Begin PBXSourcesBuildPhase section */
		3A81488324CC3FD400EFFC55 /* Sources */ = {
			isa = PBXSourcesBuildPhase;
			buildActionMask = 2147483647;
			files = (
				3A4ED89E24CF5E03002275FB /* BurgerController.swift in Sources */,
				3A81488F24CC3FD400EFFC55 /* ViewController.swift in Sources */,
				3A18716624D0B7FB00B505FF /* FirstCellForBurger.swift in Sources */,
				3A81488B24CC3FD400EFFC55 /* AppDelegate.swift in Sources */,
				3A81488D24CC3FD400EFFC55 /* SceneDelegate.swift in Sources */,
				3A18716B24D0BFEF00B505FF /* FirstCellForBurger1.swift in Sources */,
				3A4ED89B24CC557D002275FB /* TableViewCell.swift in Sources */,
				3A18716424CF643A00B505FF /* BurgerHeader.swift in Sources */,
				3A81489524CC3FD500EFFC55 /* TrainingProject.xcdatamodeld in Sources */,
				3A18716824D0BCB900B505FF /* DataImitation.swift in Sources */,
				3A4ED89824CC4C08002275FB /* SecondController.swift in Sources */,
			);
			runOnlyForDeploymentPostprocessing = 0;
		};
/* End PBXSourcesBuildPhase section */

/* Begin PBXVariantGroup section */
		3A81489024CC3FD400EFFC55 /* Main.storyboard */ = {
			isa = PBXVariantGroup;
			children = (
				3A81489124CC3FD400EFFC55 /* Base */,
			);
			name = Main.storyboard;
			sourceTree = "<group>";
		};
		3A81489824CC3FDB00EFFC55 /* LaunchScreen.storyboard */ = {
			isa = PBXVariantGroup;
			children = (
				3A81489924CC3FDB00EFFC55 /* Base */,
			);
			name = LaunchScreen.storyboard;
			sourceTree = "<group>";
		};
/* End PBXVariantGroup section */

/* Begin XCBuildConfiguration section */
		3A81489C24CC3FDB00EFFC55 /* Debug */ = {
			isa = XCBuildConfiguration;
			buildSettings = {
				ALWAYS_SEARCH_USER_PATHS = NO;
				CLANG_ANALYZER_NONNULL = YES;
				CLANG_ANALYZER_NUMBER_OBJECT_CONVERSION = YES_AGGRESSIVE;
				CLANG_CXX_LANGUAGE_STANDARD = "gnu++14";
				CLANG_CXX_LIBRARY = "libc++";
				CLANG_ENABLE_MODULES = YES;
				CLANG_ENABLE_OBJC_ARC = YES;
				CLANG_ENABLE_OBJC_WEAK = YES;
				CLANG_WARN_BLOCK_CAPTURE_AUTORELEASING = YES;
				CLANG_WARN_BOOL_CONVERSION = YES;
				CLANG_WARN_COMMA = YES;
				CLANG_WARN_CONSTANT_CONVERSION = YES;
				CLANG_WARN_DEPRECATED_OBJC_IMPLEMENTATIONS = YES;
				CLANG_WARN_DIRECT_OBJC_ISA_USAGE = YES_ERROR;
				CLANG_WARN_DOCUMENTATION_COMMENTS = YES;
				CLANG_WARN_EMPTY_BODY = YES;
				CLANG_WARN_ENUM_CONVERSION = YES;
				CLANG_WARN_INFINITE_RECURSION = YES;
				CLANG_WARN_INT_CONVERSION = YES;
				CLANG_WARN_NON_LITERAL_NULL_CONVERSION = YES;
				CLANG_WARN_OBJC_IMPLICIT_RETAIN_SELF = YES;
				CLANG_WARN_OBJC_LITERAL_CONVERSION = YES;
				CLANG_WARN_OBJC_ROOT_CLASS = YES_ERROR;
				CLANG_WARN_RANGE_LOOP_ANALYSIS = YES;
				CLANG_WARN_STRICT_PROTOTYPES = YES;
				CLANG_WARN_SUSPICIOUS_MOVE = YES;
				CLANG_WARN_UNGUARDED_AVAILABILITY = YES_AGGRESSIVE;
				CLANG_WARN_UNREACHABLE_CODE = YES;
				CLANG_WARN__DUPLICATE_METHOD_MATCH = YES;
				COPY_PHASE_STRIP = NO;
				DEBUG_INFORMATION_FORMAT = dwarf;
				ENABLE_STRICT_OBJC_MSGSEND = YES;
				ENABLE_TESTABILITY = YES;
				GCC_C_LANGUAGE_STANDARD = gnu11;
				GCC_DYNAMIC_NO_PIC = NO;
				GCC_NO_COMMON_BLOCKS = YES;
				GCC_OPTIMIZATION_LEVEL = 0;
				GCC_PREPROCESSOR_DEFINITIONS = (
					"DEBUG=1",
					"$(inherited)",
				);
				GCC_WARN_64_TO_32_BIT_CONVERSION = YES;
				GCC_WARN_ABOUT_RETURN_TYPE = YES_ERROR;
				GCC_WARN_UNDECLARED_SELECTOR = YES;
				GCC_WARN_UNINITIALIZED_AUTOS = YES_AGGRESSIVE;
				GCC_WARN_UNUSED_FUNCTION = YES;
				GCC_WARN_UNUSED_VARIABLE = YES;
				IPHONEOS_DEPLOYMENT_TARGET = 13.6;
				MTL_ENABLE_DEBUG_INFO = INCLUDE_SOURCE;
				MTL_FAST_MATH = YES;
				ONLY_ACTIVE_ARCH = YES;
				SDKROOT = iphoneos;
				SWIFT_ACTIVE_COMPILATION_CONDITIONS = DEBUG;
				SWIFT_OPTIMIZATION_LEVEL = "-Onone";
			};
			name = Debug;
		};
		3A81489D24CC3FDB00EFFC55 /* Release */ = {
			isa = XCBuildConfiguration;
			buildSettings = {
				ALWAYS_SEARCH_USER_PATHS = NO;
				CLANG_ANALYZER_NONNULL = YES;
				CLANG_ANALYZER_NUMBER_OBJECT_CONVERSION = YES_AGGRESSIVE;
				CLANG_CXX_LANGUAGE_STANDARD = "gnu++14";
				CLANG_CXX_LIBRARY = "libc++";
				CLANG_ENABLE_MODULES = YES;
				CLANG_ENABLE_OBJC_ARC = YES;
				CLANG_ENABLE_OBJC_WEAK = YES;
				CLANG_WARN_BLOCK_CAPTURE_AUTORELEASING = YES;
				CLANG_WARN_BOOL_CONVERSION = YES;
				CLANG_WARN_COMMA = YES;
				CLANG_WARN_CONSTANT_CONVERSION = YES;
				CLANG_WARN_DEPRECATED_OBJC_IMPLEMENTATIONS = YES;
				CLANG_WARN_DIRECT_OBJC_ISA_USAGE = YES_ERROR;
				CLANG_WARN_DOCUMENTATION_COMMENTS = YES;
				CLANG_WARN_EMPTY_BODY = YES;
				CLANG_WARN_ENUM_CONVERSION = YES;
				CLANG_WARN_INFINITE_RECURSION = YES;
				CLANG_WARN_INT_CONVERSION = YES;
				CLANG_WARN_NON_LITERAL_NULL_CONVERSION = YES;
				CLANG_WARN_OBJC_IMPLICIT_RETAIN_SELF = YES;
				CLANG_WARN_OBJC_LITERAL_CONVERSION = YES;
				CLANG_WARN_OBJC_ROOT_CLASS = YES_ERROR;
				CLANG_WARN_RANGE_LOOP_ANALYSIS = YES;
				CLANG_WARN_STRICT_PROTOTYPES = YES;
				CLANG_WARN_SUSPICIOUS_MOVE = YES;
				CLANG_WARN_UNGUARDED_AVAILABILITY = YES_AGGRESSIVE;
				CLANG_WARN_UNREACHABLE_CODE = YES;
				CLANG_WARN__DUPLICATE_METHOD_MATCH = YES;
				COPY_PHASE_STRIP = NO;
				DEBUG_INFORMATION_FORMAT = "dwarf-with-dsym";
				ENABLE_NS_ASSERTIONS = NO;
				ENABLE_STRICT_OBJC_MSGSEND = YES;
				GCC_C_LANGUAGE_STANDARD = gnu11;
				GCC_NO_COMMON_BLOCKS = YES;
				GCC_WARN_64_TO_32_BIT_CONVERSION = YES;
				GCC_WARN_ABOUT_RETURN_TYPE = YES_ERROR;
				GCC_WARN_UNDECLARED_SELECTOR = YES;
				GCC_WARN_UNINITIALIZED_AUTOS = YES_AGGRESSIVE;
				GCC_WARN_UNUSED_FUNCTION = YES;
				GCC_WARN_UNUSED_VARIABLE = YES;
				IPHONEOS_DEPLOYMENT_TARGET = 13.6;
				MTL_ENABLE_DEBUG_INFO = NO;
				MTL_FAST_MATH = YES;
				SDKROOT = iphoneos;
				SWIFT_COMPILATION_MODE = wholemodule;
				SWIFT_OPTIMIZATION_LEVEL = "-O";
				VALIDATE_PRODUCT = YES;
			};
			name = Release;
		};
		3A81489F24CC3FDB00EFFC55 /* Debug */ = {
			isa = XCBuildConfiguration;
			baseConfigurationReference = 94F70047D7AEB4BC68D58BF0 /* Pods-TrainingProject.debug.xcconfig */;
			buildSettings = {
				ASSETCATALOG_COMPILER_APPICON_NAME = AppIcon;
				CODE_SIGN_STYLE = Automatic;
				DEVELOPMENT_TEAM = SL47R2R53M;
				INFOPLIST_FILE = TrainingProject/Info.plist;
				LD_RUNPATH_SEARCH_PATHS = (
					"$(inherited)",
					"@executable_path/Frameworks",
				);
				PRODUCT_BUNDLE_IDENTIFIER = ant.TrainingProject;
				PRODUCT_NAME = "$(TARGET_NAME)";
				SWIFT_VERSION = 5.0;
				TARGETED_DEVICE_FAMILY = 1;
			};
			name = Debug;
		};
		3A8148A024CC3FDB00EFFC55 /* Release */ = {
			isa = XCBuildConfiguration;
			baseConfigurationReference = DFFB406B5F95B96A25566A15 /* Pods-TrainingProject.release.xcconfig */;
			buildSettings = {
				ASSETCATALOG_COMPILER_APPICON_NAME = AppIcon;
				CODE_SIGN_STYLE = Automatic;
				DEVELOPMENT_TEAM = SL47R2R53M;
				INFOPLIST_FILE = TrainingProject/Info.plist;
				LD_RUNPATH_SEARCH_PATHS = (
					"$(inherited)",
					"@executable_path/Frameworks",
				);
				PRODUCT_BUNDLE_IDENTIFIER = ant.TrainingProject;
				PRODUCT_NAME = "$(TARGET_NAME)";
				SWIFT_VERSION = 5.0;
				TARGETED_DEVICE_FAMILY = 1;
			};
			name = Release;
		};
/* End XCBuildConfiguration section */

/* Begin XCConfigurationList section */
		3A81488224CC3FD400EFFC55 /* Build configuration list for PBXProject "TrainingProject" */ = {
			isa = XCConfigurationList;
			buildConfigurations = (
				3A81489C24CC3FDB00EFFC55 /* Debug */,
				3A81489D24CC3FDB00EFFC55 /* Release */,
			);
			defaultConfigurationIsVisible = 0;
			defaultConfigurationName = Release;
		};
		3A81489E24CC3FDB00EFFC55 /* Build configuration list for PBXNativeTarget "TrainingProject" */ = {
			isa = XCConfigurationList;
			buildConfigurations = (
				3A81489F24CC3FDB00EFFC55 /* Debug */,
				3A8148A024CC3FDB00EFFC55 /* Release */,
			);
			defaultConfigurationIsVisible = 0;
			defaultConfigurationName = Release;
		};
/* End XCConfigurationList section */

/* Begin XCVersionGroup section */
		3A81489324CC3FD500EFFC55 /* TrainingProject.xcdatamodeld */ = {
			isa = XCVersionGroup;
			children = (
				3A81489424CC3FD500EFFC55 /* TrainingProject.xcdatamodel */,
			);
			currentVersion = 3A81489424CC3FD500EFFC55 /* TrainingProject.xcdatamodel */;
			path = TrainingProject.xcdatamodeld;
			sourceTree = "<group>";
			versionGroupType = wrapper.xcdatamodel;
		};
/* End XCVersionGroup section */
	};
	rootObject = 3A81487F24CC3FD400EFFC55 /* Project object */;
}
